{
  "name": "test",
  "lockfileVersion": 2,
  "requires": true,
  "packages": {
    "": {
      "dependencies": {
        "sandraghk-frame-print": "^1.0.0"
      }
    },
    "node_modules/sandraghk-frame-print": {
      "version": "1.0.0",
      "resolved": "https://registry.npmjs.org/sandraghk-frame-print/-/sandraghk-frame-print-1.0.0.tgz",
      "integrity": "sha512-oE+Bek6a2YHXD2stj/so6YGH2nuZqgfa22RA0dTEaCFIAL43t/6Q7bVJHFji6NFGqmj7OyQUC6xEiSEMPFILwQ=="
    }
  },
  "dependencies": {
    "sandraghk-frame-print": {
      "version": "1.0.0",
      "resolved": "https://registry.npmjs.org/sandraghk-frame-print/-/sandraghk-frame-print-1.0.0.tgz",
      "integrity": "sha512-oE+Bek6a2YHXD2stj/so6YGH2nuZqgfa22RA0dTEaCFIAL43t/6Q7bVJHFji6NFGqmj7OyQUC6xEiSEMPFILwQ=="
    }
  }
}
